
Microsoft Visual Studio Solution File, Format Version 12.00
# Visual Studio Version 16
VisualStudioVersion = 16.0.31515.178
MinimumVisualStudioVersion = 10.0.40219.1
Project("{9A19103F-16F7-4668-BE54-9A1E7A4F7556}") = "RoleTopMVC", "RoleTopMVC.csproj", "{7BD88971-75FC-475C-B61D-DBB255C4A574}"
EndProject
Global
	GlobalSection(SolutionConfigurationPlatforms) = preSolution
		Debug|Any CPU = Debug|Any CPU
		Release|Any CPU = Release|Any CPU
	EndGlobalSection
	GlobalSection(ProjectConfigurationPlatforms) = postSolution
		{7BD88971-75FC-475C-B61D-DBB255C4A574}.Debug|Any CPU.ActiveCfg = Debug|Any CPU
		{7BD88971-75FC-475C-B61D-DBB255C4A574}.Debug|Any CPU.Build.0 = Debug|Any CPU
		{7BD88971-75FC-475C-B61D-DBB255C4A574}.Release|Any CPU.ActiveCfg = Release|Any CPU
		{7BD88971-75FC-475C-B61D-DBB255C4A574}.Release|Any CPU.Build.0 = Release|Any CPU
	EndGlobalSection
	GlobalSection(SolutionProperties) = preSolution
		HideSolutionNode = FALSE
	EndGlobalSection
	GlobalSection(ExtensibilityGlobals) = postSolution
		SolutionGuid = {67CB4C56-2D8C-422D-97A1-C9CCC53916CE}
	EndGlobalSection
EndGlobal
